// !$*UTF8*$!
{
	archiveVersion = 1;
	classes = {
	};
	objectVersion = 50;
	objects = {

/* Begin PBXBuildFile section */
		A9A6CE9224A9354F00C738BD /* AAppDelegate.m in Sources */ = {isa = PBXBuildFile; fileRef = A9A6CE9124A9354F00C738BD /* AAppDelegate.m */; };
		A9A6CE9824A9354F00C738BD /* AMainViewController.m in Sources */ = {isa = PBXBuildFile; fileRef = A9A6CE9724A9354F00C738BD /* AMainViewController.m */; };
		A9A6CE9D24A9355000C738BD /* Assets.xcassets in Resources */ = {isa = PBXBuildFile; fileRef = A9A6CE9C24A9355000C738BD /* Assets.xcassets */; };
		A9A6CEA324A9355000C738BD /* main.m in Sources */ = {isa = PBXBuildFile; fileRef = A9A6CEA224A9355000C738BD /* main.m */; };
		A9A6CEB024A9469300C738BD /* AInstruction.m in Sources */ = {isa = PBXBuildFile; fileRef = A9A6CEAF24A9469300C738BD /* AInstruction.m */; };
		A9A6CEB324A946D900C738BD /* AInstructionLoader.m in Sources */ = {isa = PBXBuildFile; fileRef = A9A6CEB224A946D900C738BD /* AInstructionLoader.m */; };
		A9A6CEB424A9488600C738BD /* ARMv8.5a.json in Resources */ = {isa = PBXBuildFile; fileRef = A9A6CEAC24A9450100C738BD /* ARMv8.5a.json */; };
		A9A6CEB824A94F4500C738BD /* ACollectionView.m in Sources */ = {isa = PBXBuildFile; fileRef = A9A6CEB724A94F4500C738BD /* ACollectionView.m */; };
		A9A6CEBB24A94FF000C738BD /* ACollectionViewDataHandle.m in Sources */ = {isa = PBXBuildFile; fileRef = A9A6CEBA24A94FF000C738BD /* ACollectionViewDataHandle.m */; };
		A9A6CEBE24A950DA00C738BD /* ACollectionViewCell.m in Sources */ = {isa = PBXBuildFile; fileRef = A9A6CEBD24A950DA00C738BD /* ACollectionViewCell.m */; };
		A9A6CED624AF9CD900C738BD /* AInstructionViewController.m in Sources */ = {isa = PBXBuildFile; fileRef = A9A6CED524AF9CD900C738BD /* AInstructionViewController.m */; };
		A9A6CEDA24AFA18100C738BD /* UIColor+A.m in Sources */ = {isa = PBXBuildFile; fileRef = A9A6CED924AFA18100C738BD /* UIColor+A.m */; };
		A9A6CEDD24AFA7A200C738BD /* AInstructionView.m in Sources */ = {isa = PBXBuildFile; fileRef = A9A6CEDC24AFA7A200C738BD /* AInstructionView.m */; };
		A9A6CEE024AFD7D300C738BD /* ANavigationController.m in Sources */ = {isa = PBXBuildFile; fileRef = A9A6CEDF24AFD7D300C738BD /* ANavigationController.m */; };
		A9A6CEE824B0373C00C738BD /* LaunchScreen.storyboard in Resources */ = {isa = PBXBuildFile; fileRef = A9A6CEE724B0373C00C738BD /* LaunchScreen.storyboard */; };
/* End PBXBuildFile section */

/* Begin PBXFileReference section */
		A9A6CE8D24A9354F00C738BD /* ARMRef.app */ = {isa = PBXFileReference; explicitFileType = wrapper.application; includeInIndex = 0; path = ARMRef.app; sourceTree = BUILT_PRODUCTS_DIR; };
		A9A6CE9024A9354F00C738BD /* AAppDelegate.h */ = {isa = PBXFileReference; lastKnownFileType = sourcecode.c.h; path = AAppDelegate.h; sourceTree = "<group>"; };
		A9A6CE9124A9354F00C738BD /* AAppDelegate.m */ = {isa = PBXFileReference; lastKnownFileType = sourcecode.c.objc; path = AAppDelegate.m; sourceTree = "<group>"; };
		A9A6CE9624A9354F00C738BD /* AMainViewController.h */ = {isa = PBXFileReference; lastKnownFileType = sourcecode.c.h; path = AMainViewController.h; sourceTree = "<group>"; };
		A9A6CE9724A9354F00C738BD /* AMainViewController.m */ = {isa = PBXFileReference; lastKnownFileType = sourcecode.c.objc; path = AMainViewController.m; sourceTree = "<group>"; };
		A9A6CE9C24A9355000C738BD /* Assets.xcassets */ = {isa = PBXFileReference; lastKnownFileType = folder.assetcatalog; path = Assets.xcassets; sourceTree = "<group>"; };
		A9A6CEA124A9355000C738BD /* Info.plist */ = {isa = PBXFileReference; lastKnownFileType = text.plist.xml; path = Info.plist; sourceTree = "<group>"; };
		A9A6CEA224A9355000C738BD /* main.m */ = {isa = PBXFileReference; lastKnownFileType = sourcecode.c.objc; path = main.m; sourceTree = "<group>"; };
		A9A6CEAC24A9450100C738BD /* ARMv8.5a.json */ = {isa = PBXFileReference; lastKnownFileType = text.json; path = ARMv8.5a.json; sourceTree = "<group>"; };
		A9A6CEAE24A9469300C738BD /* AInstruction.h */ = {isa = PBXFileReference; lastKnownFileType = sourcecode.c.h; path = AInstruction.h; sourceTree = "<group>"; };
		A9A6CEAF24A9469300C738BD /* AInstruction.m */ = {isa = PBXFileReference; lastKnownFileType = sourcecode.c.objc; path = AInstruction.m; sourceTree = "<group>"; };
		A9A6CEB124A946D900C738BD /* AInstructionLoader.h */ = {isa = PBXFileReference; lastKnownFileType = sourcecode.c.h; path = AInstructionLoader.h; sourceTree = "<group>"; };
		A9A6CEB224A946D900C738BD /* AInstructionLoader.m */ = {isa = PBXFileReference; lastKnownFileType = sourcecode.c.objc; path = AInstructionLoader.m; sourceTree = "<group>"; };
		A9A6CEB624A94F4500C738BD /* ACollectionView.h */ = {isa = PBXFileReference; lastKnownFileType = sourcecode.c.h; path = ACollectionView.h; sourceTree = "<group>"; };
		A9A6CEB724A94F4500C738BD /* ACollectionView.m */ = {isa = PBXFileReference; lastKnownFileType = sourcecode.c.objc; path = ACollectionView.m; sourceTree = "<group>"; };
		A9A6CEB924A94FF000C738BD /* ACollectionViewDataHandle.h */ = {isa = PBXFileReference; lastKnownFileType = sourcecode.c.h; path = ACollectionViewDataHandle.h; sourceTree = "<group>"; };
		A9A6CEBA24A94FF000C738BD /* ACollectionViewDataHandle.m */ = {isa = PBXFileReference; lastKnownFileType = sourcecode.c.objc; path = ACollectionViewDataHandle.m; sourceTree = "<group>"; };
		A9A6CEBC24A950DA00C738BD /* ACollectionViewCell.h */ = {isa = PBXFileReference; lastKnownFileType = sourcecode.c.h; path = ACollectionViewCell.h; sourceTree = "<group>"; };
		A9A6CEBD24A950DA00C738BD /* ACollectionViewCell.m */ = {isa = PBXFileReference; lastKnownFileType = sourcecode.c.objc; path = ACollectionViewCell.m; sourceTree = "<group>"; };
		A9A6CEC024A95B3D00C738BD /* WebKit.framework */ = {isa = PBXFileReference; lastKnownFileType = wrapper.framework; name = WebKit.framework; path = System/Library/Frameworks/WebKit.framework; sourceTree = SDKROOT; };
		A9A6CED424AF9CD900C738BD /* AInstructionViewController.h */ = {isa = PBXFileReference; fileEncoding = 4; lastKnownFileType = sourcecode.c.h; path = AInstructionViewController.h; sourceTree = "<group>"; };
		A9A6CED524AF9CD900C738BD /* AInstructionViewController.m */ = {isa = PBXFileReference; fileEncoding = 4; lastKnownFileType = sourcecode.c.objc; path = AInstructionViewController.m; sourceTree = "<group>"; };
		A9A6CED824AFA18100C738BD /* UIColor+A.h */ = {isa = PBXFileReference; lastKnownFileType = sourcecode.c.h; path = "UIColor+A.h"; sourceTree = "<group>"; };
		A9A6CED924AFA18100C738BD /* UIColor+A.m */ = {isa = PBXFileReference; lastKnownFileType = sourcecode.c.objc; path = "UIColor+A.m"; sourceTree = "<group>"; };
		A9A6CEDB24AFA7A200C738BD /* AInstructionView.h */ = {isa = PBXFileReference; lastKnownFileType = sourcecode.c.h; path = AInstructionView.h; sourceTree = "<group>"; };
		A9A6CEDC24AFA7A200C738BD /* AInstructionView.m */ = {isa = PBXFileReference; lastKnownFileType = sourcecode.c.objc; path = AInstructionView.m; sourceTree = "<group>"; };
		A9A6CEDE24AFD7D300C738BD /* ANavigationController.h */ = {isa = PBXFileReference; lastKnownFileType = sourcecode.c.h; path = ANavigationController.h; sourceTree = "<group>"; };
		A9A6CEDF24AFD7D300C738BD /* ANavigationController.m */ = {isa = PBXFileReference; lastKnownFileType = sourcecode.c.objc; path = ANavigationController.m; sourceTree = "<group>"; };
		A9A6CEE124AFE3C800C738BD /* Defines.h */ = {isa = PBXFileReference; lastKnownFileType = sourcecode.c.h; path = Defines.h; sourceTree = "<group>"; };
		A9A6CEE224AFE40500C738BD /* PrefixHeader.pch */ = {isa = PBXFileReference; fileEncoding = 4; lastKnownFileType = sourcecode.c.h; path = PrefixHeader.pch; sourceTree = "<group>"; };
		A9A6CEE324AFF10000C738BD /* ARM64.entitlements */ = {isa = PBXFileReference; lastKnownFileType = text.plist.entitlements; path = ARM64.entitlements; sourceTree = "<group>"; };
		A9A6CEE724B0373C00C738BD /* LaunchScreen.storyboard */ = {isa = PBXFileReference; lastKnownFileType = file.storyboard; path = LaunchScreen.storyboard; sourceTree = "<group>"; };
/* End PBXFileReference section */

/* Begin PBXFrameworksBuildPhase section */
		A9A6CE8A24A9354F00C738BD /* Frameworks */ = {
			isa = PBXFrameworksBuildPhase;
			buildActionMask = 2147483647;
			files = (
			);
			runOnlyForDeploymentPostprocessing = 0;
		};
/* End PBXFrameworksBuildPhase section */

/* Begin PBXGroup section */
		A9A6CE8424A9354F00C738BD = {
			isa = PBXGroup;
			children = (
				A9A6CE8F24A9354F00C738BD /* ARMRef */,
				A9A6CE8E24A9354F00C738BD /* Products */,
				A9A6CEBF24A95B3D00C738BD /* Frameworks */,
			);
			sourceTree = "<group>";
		};
		A9A6CE8E24A9354F00C738BD /* Products */ = {
			isa = PBXGroup;
			children = (
				A9A6CE8D24A9354F00C738BD /* ARMRef.app */,
			);
			name = Products;
			sourceTree = "<group>";
		};
		A9A6CE8F24A9354F00C738BD /* ARMRef */ = {
			isa = PBXGroup;
			children = (
				A9A6CEA924A9367500C738BD /* Source */,
				A9A6CEAB24A936BC00C738BD /* Resource */,
			);
			path = ARMRef;
			sourceTree = "<group>";
		};
		A9A6CEA924A9367500C738BD /* Source */ = {
			isa = PBXGroup;
			children = (
				A9A6CEA224A9355000C738BD /* main.m */,
				A9A6CEE124AFE3C800C738BD /* Defines.h */,
				A9A6CEE224AFE40500C738BD /* PrefixHeader.pch */,
				A9A6CE9024A9354F00C738BD /* AAppDelegate.h */,
				A9A6CE9124A9354F00C738BD /* AAppDelegate.m */,
				A9A6CED724AFA16000C738BD /* Categories */,
				A9A6CEB524A94F2D00C738BD /* CollectionView */,
				A9A6CEAA24A9367D00C738BD /* Main */,
				A9A6CED324AF9CD900C738BD /* Instruction  */,
				A9A6CEAD24A9467B00C738BD /* InstructionLoader */,
			);
			path = Source;
			sourceTree = "<group>";
		};
		A9A6CEAA24A9367D00C738BD /* Main */ = {
			isa = PBXGroup;
			children = (
				A9A6CE9624A9354F00C738BD /* AMainViewController.h */,
				A9A6CE9724A9354F00C738BD /* AMainViewController.m */,
				A9A6CEDE24AFD7D300C738BD /* ANavigationController.h */,
				A9A6CEDF24AFD7D300C738BD /* ANavigationController.m */,
			);
			path = Main;
			sourceTree = "<group>";
		};
		A9A6CEAB24A936BC00C738BD /* Resource */ = {
			isa = PBXGroup;
			children = (
				A9A6CEE724B0373C00C738BD /* LaunchScreen.storyboard */,
				A9A6CEE324AFF10000C738BD /* ARM64.entitlements */,
				A9A6CE9C24A9355000C738BD /* Assets.xcassets */,
				A9A6CEA124A9355000C738BD /* Info.plist */,
				A9A6CEE424AFF6CB00C738BD /* References */,
			);
			path = Resource;
			sourceTree = "<group>";
		};
		A9A6CEAD24A9467B00C738BD /* InstructionLoader */ = {
			isa = PBXGroup;
			children = (
				A9A6CEAE24A9469300C738BD /* AInstruction.h */,
				A9A6CEAF24A9469300C738BD /* AInstruction.m */,
				A9A6CEB124A946D900C738BD /* AInstructionLoader.h */,
				A9A6CEB224A946D900C738BD /* AInstructionLoader.m */,
			);
			path = InstructionLoader;
			sourceTree = "<group>";
		};
		A9A6CEB524A94F2D00C738BD /* CollectionView */ = {
			isa = PBXGroup;
			children = (
				A9A6CEB624A94F4500C738BD /* ACollectionView.h */,
				A9A6CEB724A94F4500C738BD /* ACollectionView.m */,
				A9A6CEBC24A950DA00C738BD /* ACollectionViewCell.h */,
				A9A6CEBD24A950DA00C738BD /* ACollectionViewCell.m */,
				A9A6CEB924A94FF000C738BD /* ACollectionViewDataHandle.h */,
				A9A6CEBA24A94FF000C738BD /* ACollectionViewDataHandle.m */,
			);
			path = CollectionView;
			sourceTree = "<group>";
		};
		A9A6CEBF24A95B3D00C738BD /* Frameworks */ = {
			isa = PBXGroup;
			children = (
				A9A6CEC024A95B3D00C738BD /* WebKit.framework */,
			);
			name = Frameworks;
			sourceTree = "<group>";
		};
		A9A6CED324AF9CD900C738BD /* Instruction  */ = {
			isa = PBXGroup;
			children = (
				A9A6CEDB24AFA7A200C738BD /* AInstructionView.h */,
				A9A6CEDC24AFA7A200C738BD /* AInstructionView.m */,
				A9A6CED424AF9CD900C738BD /* AInstructionViewController.h */,
				A9A6CED524AF9CD900C738BD /* AInstructionViewController.m */,
			);
			path = "Instruction ";
			sourceTree = "<group>";
		};
		A9A6CED724AFA16000C738BD /* Categories */ = {
			isa = PBXGroup;
			children = (
				A9A6CED824AFA18100C738BD /* UIColor+A.h */,
				A9A6CED924AFA18100C738BD /* UIColor+A.m */,
			);
			path = Categories;
			sourceTree = "<group>";
		};
		A9A6CEE424AFF6CB00C738BD /* References */ = {
			isa = PBXGroup;
			children = (
				A9A6CEAC24A9450100C738BD /* ARMv8.5a.json */,
			);
			path = References;
			sourceTree = "<group>";
		};
/* End PBXGroup section */

/* Begin PBXNativeTarget section */
		A9A6CE8C24A9354F00C738BD /* ARMRef */ = {
			isa = PBXNativeTarget;
			buildConfigurationList = A9A6CEA624A9355000C738BD /* Build configuration list for PBXNativeTarget "ARMRef" */;
			buildPhases = (
				A9A6CE8924A9354F00C738BD /* Sources */,
				A9A6CE8A24A9354F00C738BD /* Frameworks */,
				A9A6CE8B24A9354F00C738BD /* Resources */,
			);
			buildRules = (
			);
			dependencies = (
			);
			name = ARMRef;
			productName = ARM64;
			productReference = A9A6CE8D24A9354F00C738BD /* ARMRef.app */;
			productType = "com.apple.product-type.application";
		};
/* End PBXNativeTarget section */

/* Begin PBXProject section */
		A9A6CE8524A9354F00C738BD /* Project object */ = {
			isa = PBXProject;
			attributes = {
				CLASSPREFIX = A;
				LastUpgradeCheck = 1150;
				ORGANIZATIONNAME = EvilPenguin;
				TargetAttributes = {
					A9A6CE8C24A9354F00C738BD = {
						CreatedOnToolsVersion = 11.5;
					};
				};
			};
			buildConfigurationList = A9A6CE8824A9354F00C738BD /* Build configuration list for PBXProject "ARMRef" */;
			compatibilityVersion = "Xcode 9.3";
			developmentRegion = en;
			hasScannedForEncodings = 0;
			knownRegions = (
				en,
				Base,
			);
			mainGroup = A9A6CE8424A9354F00C738BD;
			productRefGroup = A9A6CE8E24A9354F00C738BD /* Products */;
			projectDirPath = "";
			projectRoot = "";
			targets = (
				A9A6CE8C24A9354F00C738BD /* ARMRef */,
			);
		};
/* End PBXProject section */

/* Begin PBXResourcesBuildPhase section */
		A9A6CE8B24A9354F00C738BD /* Resources */ = {
			isa = PBXResourcesBuildPhase;
			buildActionMask = 2147483647;
			files = (
				A9A6CEE824B0373C00C738BD /* LaunchScreen.storyboard in Resources */,
				A9A6CEB424A9488600C738BD /* ARMv8.5a.json in Resources */,
				A9A6CE9D24A9355000C738BD /* Assets.xcassets in Resources */,
			);
			runOnlyForDeploymentPostprocessing = 0;
		};
/* End PBXResourcesBuildPhase section */

/* Begin PBXSourcesBuildPhase section */
		A9A6CE8924A9354F00C738BD /* Sources */ = {
			isa = PBXSourcesBuildPhase;
			buildActionMask = 2147483647;
			files = (
				A9A6CEDA24AFA18100C738BD /* UIColor+A.m in Sources */,
				A9A6CEBE24A950DA00C738BD /* ACollectionViewCell.m in Sources */,
				A9A6CEB024A9469300C738BD /* AInstruction.m in Sources */,
				A9A6CEE024AFD7D300C738BD /* ANavigationController.m in Sources */,
				A9A6CE9824A9354F00C738BD /* AMainViewController.m in Sources */,
				A9A6CEB824A94F4500C738BD /* ACollectionView.m in Sources */,
				A9A6CE9224A9354F00C738BD /* AAppDelegate.m in Sources */,
				A9A6CEBB24A94FF000C738BD /* ACollectionViewDataHandle.m in Sources */,
				A9A6CED624AF9CD900C738BD /* AInstructionViewController.m in Sources */,
				A9A6CEDD24AFA7A200C738BD /* AInstructionView.m in Sources */,
				A9A6CEA324A9355000C738BD /* main.m in Sources */,
				A9A6CEB324A946D900C738BD /* AInstructionLoader.m in Sources */,
			);
			runOnlyForDeploymentPostprocessing = 0;
		};
/* End PBXSourcesBuildPhase section */

/* Begin XCBuildConfiguration section */
		A9A6CEA424A9355000C738BD /* Debug */ = {
			isa = XCBuildConfiguration;
			buildSettings = {
				ALWAYS_SEARCH_USER_PATHS = NO;
				CLANG_ANALYZER_NONNULL = YES;
				CLANG_ANALYZER_NUMBER_OBJECT_CONVERSION = YES_AGGRESSIVE;
				CLANG_CXX_LANGUAGE_STANDARD = "gnu++14";
				CLANG_CXX_LIBRARY = "libc++";
				CLANG_ENABLE_MODULES = YES;
				CLANG_ENABLE_OBJC_ARC = YES;
				CLANG_ENABLE_OBJC_WEAK = YES;
				CLANG_WARN_BLOCK_CAPTURE_AUTORELEASING = YES;
				CLANG_WARN_BOOL_CONVERSION = YES;
				CLANG_WARN_COMMA = YES;
				CLANG_WARN_CONSTANT_CONVERSION = YES;
				CLANG_WARN_DEPRECATED_OBJC_IMPLEMENTATIONS = YES;
				CLANG_WARN_DIRECT_OBJC_ISA_USAGE = YES_ERROR;
				CLANG_WARN_DOCUMENTATION_COMMENTS = YES;
				CLANG_WARN_EMPTY_BODY = YES;
				CLANG_WARN_ENUM_CONVERSION = YES;
				CLANG_WARN_INFINITE_RECURSION = YES;
				CLANG_WARN_INT_CONVERSION = YES;
				CLANG_WARN_NON_LITERAL_NULL_CONVERSION = YES;
				CLANG_WARN_OBJC_IMPLICIT_RETAIN_SELF = YES;
				CLANG_WARN_OBJC_LITERAL_CONVERSION = YES;
				CLANG_WARN_OBJC_ROOT_CLASS = YES_ERROR;
				CLANG_WARN_RANGE_LOOP_ANALYSIS = YES;
				CLANG_WARN_STRICT_PROTOTYPES = YES;
				CLANG_WARN_SUSPICIOUS_MOVE = YES;
				CLANG_WARN_UNGUARDED_AVAILABILITY = YES_AGGRESSIVE;
				CLANG_WARN_UNREACHABLE_CODE = YES;
				CLANG_WARN__DUPLICATE_METHOD_MATCH = YES;
				COPY_PHASE_STRIP = NO;
				DEBUG_INFORMATION_FORMAT = dwarf;
				ENABLE_STRICT_OBJC_MSGSEND = YES;
				ENABLE_TESTABILITY = YES;
				GCC_C_LANGUAGE_STANDARD = gnu11;
				GCC_DYNAMIC_NO_PIC = NO;
				GCC_NO_COMMON_BLOCKS = YES;
				GCC_OPTIMIZATION_LEVEL = 0;
				GCC_PREPROCESSOR_DEFINITIONS = (
					"DEBUG=1",
					"$(inherited)",
				);
				GCC_WARN_64_TO_32_BIT_CONVERSION = YES;
				GCC_WARN_ABOUT_RETURN_TYPE = YES_ERROR;
				GCC_WARN_UNDECLARED_SELECTOR = YES;
				GCC_WARN_UNINITIALIZED_AUTOS = YES_AGGRESSIVE;
				GCC_WARN_UNUSED_FUNCTION = YES;
				GCC_WARN_UNUSED_VARIABLE = YES;
				IPHONEOS_DEPLOYMENT_TARGET = 13.5;
				MTL_ENABLE_DEBUG_INFO = INCLUDE_SOURCE;
				MTL_FAST_MATH = YES;
				ONLY_ACTIVE_ARCH = YES;
				SDKROOT = iphoneos;
			};
			name = Debug;
		};
		A9A6CEA524A9355000C738BD /* Release */ = {
			isa = XCBuildConfiguration;
			buildSettings = {
				ALWAYS_SEARCH_USER_PATHS = NO;
				CLANG_ANALYZER_NONNULL = YES;
				CLANG_ANALYZER_NUMBER_OBJECT_CONVERSION = YES_AGGRESSIVE;
				CLANG_CXX_LANGUAGE_STANDARD = "gnu++14";
				CLANG_CXX_LIBRARY = "libc++";
				CLANG_ENABLE_MODULES = YES;
				CLANG_ENABLE_OBJC_ARC = YES;
				CLANG_ENABLE_OBJC_WEAK = YES;
				CLANG_WARN_BLOCK_CAPTURE_AUTORELEASING = YES;
				CLANG_WARN_BOOL_CONVERSION = YES;
				CLANG_WARN_COMMA = YES;
				CLANG_WARN_CONSTANT_CONVERSION = YES;
				CLANG_WARN_DEPRECATED_OBJC_IMPLEMENTATIONS = YES;
				CLANG_WARN_DIRECT_OBJC_ISA_USAGE = YES_ERROR;
				CLANG_WARN_DOCUMENTATION_COMMENTS = YES;
				CLANG_WARN_EMPTY_BODY = YES;
				CLANG_WARN_ENUM_CONVERSION = YES;
				CLANG_WARN_INFINITE_RECURSION = YES;
				CLANG_WARN_INT_CONVERSION = YES;
				CLANG_WARN_NON_LITERAL_NULL_CONVERSION = YES;
				CLANG_WARN_OBJC_IMPLICIT_RETAIN_SELF = YES;
				CLANG_WARN_OBJC_LITERAL_CONVERSION = YES;
				CLANG_WARN_OBJC_ROOT_CLASS = YES_ERROR;
				CLANG_WARN_RANGE_LOOP_ANALYSIS = YES;
				CLANG_WARN_STRICT_PROTOTYPES = YES;
				CLANG_WARN_SUSPICIOUS_MOVE = YES;
				CLANG_WARN_UNGUARDED_AVAILABILITY = YES_AGGRESSIVE;
				CLANG_WARN_UNREACHABLE_CODE = YES;
				CLANG_WARN__DUPLICATE_METHOD_MATCH = YES;
				COPY_PHASE_STRIP = NO;
				DEBUG_INFORMATION_FORMAT = "dwarf-with-dsym";
				ENABLE_NS_ASSERTIONS = NO;
				ENABLE_STRICT_OBJC_MSGSEND = YES;
				GCC_C_LANGUAGE_STANDARD = gnu11;
				GCC_NO_COMMON_BLOCKS = YES;
				GCC_WARN_64_TO_32_BIT_CONVERSION = YES;
				GCC_WARN_ABOUT_RETURN_TYPE = YES_ERROR;
				GCC_WARN_UNDECLARED_SELECTOR = YES;
				GCC_WARN_UNINITIALIZED_AUTOS = YES_AGGRESSIVE;
				GCC_WARN_UNUSED_FUNCTION = YES;
				GCC_WARN_UNUSED_VARIABLE = YES;
				IPHONEOS_DEPLOYMENT_TARGET = 13.5;
				MTL_ENABLE_DEBUG_INFO = NO;
				MTL_FAST_MATH = YES;
				SDKROOT = iphoneos;
				VALIDATE_PRODUCT = YES;
			};
			name = Release;
		};
		A9A6CEA724A9355000C738BD /* Debug */ = {
			isa = XCBuildConfiguration;
			buildSettings = {
				ASSETCATALOG_COMPILER_APPICON_NAME = AppIcon;
				CODE_SIGN_ENTITLEMENTS = ARMRef/Resource/ARM64.entitlements;
				CODE_SIGN_STYLE = Automatic;
				DEVELOPMENT_TEAM = "";
				GCC_PREFIX_HEADER = "$(SRCROOT)/ARMRef/Source/PrefixHeader.pch";
				INFOPLIST_FILE = ARMRef/Resource/Info.plist;
				IPHONEOS_DEPLOYMENT_TARGET = 13.0;
				LD_RUNPATH_SEARCH_PATHS = (
					"$(inherited)",
					"@executable_path/Frameworks",
				);
				MARKETING_VERSION = 0.1;
				PRODUCT_BUNDLE_IDENTIFIER = com.EvilPenguin.armref;
				PRODUCT_NAME = "$(TARGET_NAME)";
				SUPPORTS_MACCATALYST = YES;
				TARGETED_DEVICE_FAMILY = "1,2";
			};
			name = Debug;
		};
		A9A6CEA824A9355000C738BD /* Release */ = {
			isa = XCBuildConfiguration;
			buildSettings = {
				ASSETCATALOG_COMPILER_APPICON_NAME = AppIcon;
				CODE_SIGN_ENTITLEMENTS = ARMRef/Resource/ARM64.entitlements;
				CODE_SIGN_STYLE = Automatic;
				DEVELOPMENT_TEAM = "";
				GCC_PREFIX_HEADER = "$(SRCROOT)/ARMRef/Source/PrefixHeader.pch";
				INFOPLIST_FILE = ARMRef/Resource/Info.plist;
				IPHONEOS_DEPLOYMENT_TARGET = 13.0;
				LD_RUNPATH_SEARCH_PATHS = (
					"$(inherited)",
					"@executable_path/Frameworks",
				);
				MARKETING_VERSION = 0.1;
				PRODUCT_BUNDLE_IDENTIFIER = com.EvilPenguin.armref;
				PRODUCT_NAME = "$(TARGET_NAME)";
				SUPPORTS_MACCATALYST = YES;
				TARGETED_DEVICE_FAMILY = "1,2";
			};
			name = Release;
		};
/* End XCBuildConfiguration section */

/* Begin XCConfigurationList section */
		A9A6CE8824A9354F00C738BD /* Build configuration list for PBXProject "ARMRef" */ = {
			isa = XCConfigurationList;
			buildConfigurations = (
				A9A6CEA424A9355000C738BD /* Debug */,
				A9A6CEA524A9355000C738BD /* Release */,
			);
			defaultConfigurationIsVisible = 0;
			defaultConfigurationName = Release;
		};
		A9A6CEA624A9355000C738BD /* Build configuration list for PBXNativeTarget "ARMRef" */ = {
			isa = XCConfigurationList;
			buildConfigurations = (
				A9A6CEA724A9355000C738BD /* Debug */,
				A9A6CEA824A9355000C738BD /* Release */,
			);
			defaultConfigurationIsVisible = 0;
			defaultConfigurationName = Release;
		};
/* End XCConfigurationList section */
	};
	rootObject = A9A6CE8524A9354F00C738BD /* Project object */;
}
